Microsoft Visual Studio Solution File, Format Version 12.00
# Visual Studio Version 17
VisualStudioVersion = 17.5.2.0
MinimumVisualStudioVersion = 10.0.40219.1
Project("{FAE04EC0-301F-11D3-BF4B-00C04F79EFBC}") = "MandelbrotExplorer", "MandelbrotExplorer.csproj", "{2BF0D683-F01A-06B6-6EE4-5E57E896706E}"
EndProject
Global
	GlobalSection(SolutionConfigurationPlatforms) = preSolution
		Debug|Any CPU = Debug|Any CPU
		Release|Any CPU = Release|Any CPU
	EndGlobalSection
	GlobalSection(ProjectConfigurationPlatforms) = postSolution
		{2BF0D683-F01A-06B6-6EE4-5E57E896706E}.Debug|Any CPU.ActiveCfg = Debug|Any CPU
		{2BF0D683-F01A-06B6-6EE4-5E57E896706E}.Debug|Any CPU.Build.0 = Debug|Any CPU
		{2BF0D683-F01A-06B6-6EE4-5E57E896706E}.Release|Any CPU.ActiveCfg = Release|Any CPU
		{2BF0D683-F01A-06B6-6EE4-5E57E896706E}.Release|Any CPU.Build.0 = Release|Any CPU
	EndGlobalSection
	GlobalSection(SolutionProperties) = preSolution
		HideSolutionNode = FALSE
	EndGlobalSection
	GlobalSection(ExtensibilityGlobals) = postSolution
		SolutionGuid = {DBA1BF84-80A7-41E2-B873-4D1190405015}
	EndGlobalSection
EndGlobal
